<?xml version="1.0" encoding="utf-8"?>
<Project ToolsVersion="14.0" xmlns="http://schemas.microsoft.com/developer/msbuild/2003">
  <ItemGroup>
    <Filter Include="Source Files">
      <UniqueIdentifier>{9788c006-0809-4532-aa20-b51ed992525a}</UniqueIdentifier>
      <Extensions>cpp;c;cxx;def;odl;idl;hpj;bat;asm</Extensions>
    </Filter>
    <Filter Include="Header Files">
      <UniqueIdentifier>{4d561854-929b-492e-9fba-c2cebb7cc3d4}</UniqueIdentifier>
      <Extensions>h;hpp;hxx;hm;inl;inc</Extensions>
    </Filter>
    <Filter Include="Resource Files">
      <UniqueIdentifier>{addff0d6-0d94-4e4c-b5ea-b7d5b330fd45}</UniqueIdentifier>
      <Extensions>rc;ico;cur;bmp;dlg;rc2;rct;bin;rgs;gif;jpg;jpeg;jpe</Extensions>
    </Filter>
    <Filter Include="D3DUtil">
      <UniqueIdentifier>{0aaf154f-df6e-43da-b8e2-ef67cfea1a2e}</UniqueIdentifier>
    </Filter>
    <Filter Include="Utils">
      <UniqueIdentifier>{ba2bad6e-f01e-4ea9-9209-8005fcd5bc5e}</UniqueIdentifier>
    </Filter>
    <Filter Include="Header Files\d3d12">
      <UniqueIdentifier>{b2c4b62a-c972-4f01-8523-c24fedf0bfa0}</UniqueIdentifier>
    </Filter>
    <Filter Include="Source Files\d3d12">
      <UniqueIdentifier>{40888c64-3335-40a1-a4e4-b792692e5e2a}</UniqueIdentifier>
    </Filter>
    <Filter Include="Header Files\d3d12\d3d12helper">
      <UniqueIdentifier>{cebd8d4f-b749-41d1-82de-935cae5781e3}</UniqueIdentifier>
    </Filter>
    <Filter Include="Header Files\d3d12\d3d12helper\math">
      <UniqueIdentifier>{1c2f0646-17ab-455e-814d-a83d45ec3433}</UniqueIdentifier>
    </Filter>
    <Filter Include="Header Files\d3d12\d3d12helper\shaders">
      <UniqueIdentifier>{429dd92c-a204-44e8-9898-46952279a0cf}</UniqueIdentifier>
    </Filter>
    <Filter Include="Header Files\d3d12\d3d12helper\Buffers">
      <UniqueIdentifier>{7e3ba952-b6c5-4642-8713-ba362ab6e30f}</UniqueIdentifier>
    </Filter>
    <Filter Include="Header Files\d3d12\d3d12helper\CommandPipeline">
      <UniqueIdentifier>{9779dac5-511a-43ef-80dd-8c3dc2d900fe}</UniqueIdentifier>
    </Filter>
    <Filter Include="Header Files\d3d12\d3d12helper\Rendering">
      <UniqueIdentifier>{1c4279dd-c6a4-4cab-ba8c-d09c2ccb6277}</UniqueIdentifier>
    </Filter>
    <Filter Include="Header Files\d3d12\d3d12helper\Utility">
      <UniqueIdentifier>{2c9ab5d2-efa7-48cb-8ca7-4557b0f734f4}</UniqueIdentifier>
    </Filter>
    <Filter Include="Header Files\d3d12\d3d12helper\shaders\Includes">
      <UniqueIdentifier>{93403f00-281f-45a6-97d4-add60c4acf57}</UniqueIdentifier>
    </Filter>
    <Filter Include="Header Files\d3d12\d3d12helper\shaders\Scaling">
      <UniqueIdentifier>{6d5c20ea-477b-42da-a50c-693878787e6d}</UniqueIdentifier>
    </Filter>
  </ItemGroup>
  <ItemGroup>
    <ClCompile Include="stdafx.cpp">
      <Filter>Source Files</Filter>
    </ClCompile>
    <ClCompile Include="dllmain.cpp">
      <Filter>Source Files</Filter>
    </ClCompile>
    <ClCompile Include="VideoRenderer.cpp">
      <Filter>Source Files</Filter>
    </ClCompile>
    <ClCompile Include="Helper.cpp">
      <Filter>Source Files</Filter>
    </ClCompile>
    <ClCompile Include="PropPage.cpp">
      <Filter>Source Files</Filter>
    </ClCompile>
    <ClCompile Include="DX9VideoProcessor.cpp">
      <Filter>Source Files</Filter>
    </ClCompile>
    <ClCompile Include="DX11VideoProcessor.cpp">
      <Filter>Source Files</Filter>
    </ClCompile>
    <ClCompile Include="Times.cpp">
      <Filter>Source Files</Filter>
    </ClCompile>
    <ClCompile Include="CustomAllocator.cpp">
      <Filter>Source Files</Filter>
    </ClCompile>
    <ClCompile Include="csputils.cpp">
      <Filter>Source Files</Filter>
    </ClCompile>
    <ClCompile Include="renbase2.cpp">
      <Filter>Source Files</Filter>
    </ClCompile>
    <ClCompile Include="Shaders.cpp">
      <Filter>Source Files</Filter>
    </ClCompile>
    <ClCompile Include="DX9Device.cpp">
      <Filter>Source Files</Filter>
    </ClCompile>
    <ClCompile Include="DX9Helper.cpp">
      <Filter>Source Files</Filter>
    </ClCompile>
    <ClCompile Include="DX11Helper.cpp">
      <Filter>Source Files</Filter>
    </ClCompile>
    <ClCompile Include="D3D11VP.cpp">
      <Filter>Source Files</Filter>
    </ClCompile>
    <ClCompile Include="DXVA2VP.cpp">
      <Filter>Source Files</Filter>
    </ClCompile>
    <ClCompile Include="D3DUtil\D3D9Font.cpp">
      <Filter>D3DUtil</Filter>
    </ClCompile>
    <ClCompile Include="D3DUtil\D3D11Geometry.cpp">
      <Filter>D3DUtil</Filter>
    </ClCompile>
    <ClCompile Include="D3DUtil\D3D11Font.cpp">
      <Filter>D3DUtil</Filter>
    </ClCompile>
    <ClCompile Include="DisplayConfig.cpp">
      <Filter>Source Files</Filter>
    </ClCompile>
    <ClCompile Include="D3DUtil\D3D9Geometry.cpp">
      <Filter>D3DUtil</Filter>
    </ClCompile>
    <ClCompile Include="VideoProcessor.cpp">
      <Filter>Source Files</Filter>
    </ClCompile>
    <ClCompile Include="Utils\StringUtil.cpp">
      <Filter>Utils</Filter>
    </ClCompile>
    <ClCompile Include="Utils\Util.cpp">
      <Filter>Utils</Filter>
    </ClCompile>
    <ClCompile Include="Utils\CPUInfo.cpp">
      <Filter>Utils</Filter>
    </ClCompile>
    <ClCompile Include="MediaSampleSideData.cpp">
      <Filter>Source Files</Filter>
    </ClCompile>
    <ClCompile Include="D3D12VP.cpp">
      <Filter>Source Files\d3d12</Filter>
    </ClCompile>
    <ClCompile Include="d3d12util\math\Random.cpp">
      <Filter>Header Files\d3d12\d3d12helper\math</Filter>
    </ClCompile>
    <ClCompile Include="d3d12util\ColorBuffer.cpp">
      <Filter>Header Files\d3d12\d3d12helper\Buffers</Filter>
    </ClCompile>
    <ClCompile Include="d3d12util\CommandAllocatorPool.cpp">
      <Filter>Header Files\d3d12\d3d12helper\CommandPipeline</Filter>
    </ClCompile>
    <ClCompile Include="d3d12util\CommandContext.cpp">
      <Filter>Header Files\d3d12\d3d12helper\CommandPipeline</Filter>
    </ClCompile>
    <ClCompile Include="d3d12util\CommandListManager.cpp">
      <Filter>Header Files\d3d12\d3d12helper\CommandPipeline</Filter>
    </ClCompile>
    <ClCompile Include="d3d12util\CommandSignature.cpp">
      <Filter>Header Files\d3d12\d3d12helper\CommandPipeline</Filter>
    </ClCompile>
    <ClCompile Include="d3d12util\BufferManager.cpp">
      <Filter>Header Files\d3d12\d3d12helper\Buffers</Filter>
    </ClCompile>
    <ClCompile Include="d3d12util\DepthBuffer.cpp">
      <Filter>Header Files\d3d12\d3d12helper\Buffers</Filter>
    </ClCompile>
    <ClCompile Include="d3d12util\DynamicDescriptorHeap.cpp">
      <Filter>Header Files\d3d12\d3d12helper\CommandPipeline</Filter>
    </ClCompile>
    <ClCompile Include="d3d12util\DescriptorHeap.cpp">
      <Filter>Header Files\d3d12\d3d12helper\CommandPipeline</Filter>
    </ClCompile>
    <ClCompile Include="d3d12util\LinearAllocator.cpp">
      <Filter>Header Files\d3d12\d3d12helper\Buffers</Filter>
    </ClCompile>
    <ClCompile Include="d3d12util\PixelBuffer.cpp">
      <Filter>Header Files\d3d12\d3d12helper\Buffers</Filter>
    </ClCompile>
    <ClCompile Include="d3d12util\GpuBuffer.cpp">
      <Filter>Header Files\d3d12\d3d12helper\Buffers</Filter>
    </ClCompile>
    <ClCompile Include="d3d12util\UploadBuffer.cpp">
      <Filter>Header Files\d3d12\d3d12helper\Buffers</Filter>
    </ClCompile>
    <ClCompile Include="d3d12util\ReadbackBuffer.cpp">
      <Filter>Header Files\d3d12\d3d12helper\Buffers</Filter>
    </ClCompile>
    <ClCompile Include="d3d12util\ImageScaling.cpp">
      <Filter>Header Files\d3d12\d3d12helper\Rendering</Filter>
    </ClCompile>
    <ClCompile Include="d3d12util\PipelineState.cpp">
      <Filter>Header Files\d3d12\d3d12helper\CommandPipeline</Filter>
    </ClCompile>
    <ClCompile Include="d3d12util\RootSignature.cpp">
      <Filter>Header Files\d3d12\d3d12helper\CommandPipeline</Filter>
    </ClCompile>
    <ClCompile Include="d3d12util\Texture.cpp">
      <Filter>Header Files\d3d12\d3d12helper\Buffers</Filter>
    </ClCompile>
    <ClCompile Include="d3d12util\GraphicsCommon.cpp">
      <Filter>Header Files\d3d12\d3d12helper\CommandPipeline</Filter>
    </ClCompile>
    <ClCompile Include="d3d12util\Utility.cpp">
      <Filter>Header Files\d3d12\d3d12helper\Utility</Filter>
    </ClCompile>
    <ClCompile Include="d3d12util\SystemTime.cpp">
      <Filter>Header Files\d3d12\d3d12helper\Utility</Filter>
    </ClCompile>
    <ClCompile Include="d3d12util\FileUtility.cpp">
      <Filter>Header Files\d3d12\d3d12helper\Utility</Filter>
    </ClCompile>
    <ClCompile Include="d3d12util\Color.cpp">
      <Filter>Header Files\d3d12\d3d12helper\Rendering</Filter>
    </ClCompile>
    <ClCompile Include="d3d12util\SamplerManager.cpp">
      <Filter>Header Files\d3d12\d3d12helper\CommandPipeline</Filter>
    </ClCompile>
    <ClCompile Include="d3d12util\GeometryRenderer.cpp">
      <Filter>Header Files\d3d12\d3d12helper\Rendering</Filter>
    </ClCompile>
    <ClCompile Include="d3d12util\TextRenderer.cpp">
      <Filter>Header Files\d3d12\d3d12helper\Rendering</Filter>
    </ClCompile>
    <ClCompile Include="d3d12util\EngineTuning.cpp">
      <Filter>Header Files\d3d12\d3d12helper\Rendering</Filter>
    </ClCompile>
    <ClCompile Include="DX12Engine.cpp">
      <Filter>Header Files\d3d12\d3d12helper\Rendering</Filter>
    </ClCompile>
    <ClCompile Include="DX12Capabilities.cpp">
      <Filter>Header Files\d3d12\d3d12helper\Rendering</Filter>
    </ClCompile>
    <ClCompile Include="DX12VideoProcessor.cpp">
      <Filter>Header Files\d3d12</Filter>
    </ClCompile>
    <ClCompile Include="VideoRendererInputPin.cpp">
      <Filter>Utils</Filter>
    </ClCompile>
    <ClCompile Include="Utils\BaseTrayIcon.cpp">
      <Filter>Source Files</Filter>
    </ClCompile>
    <ClCompile Include="d3d12util\D3D12PropPage.cpp">
      <Filter>Header Files\d3d12\d3d12helper\Utility</Filter>
    </ClCompile>
  </ItemGroup>
  <ItemGroup>
    <ClInclude Include="stdafx.h">
      <Filter>Header Files</Filter>
    </ClInclude>
    <ClInclude Include="VideoRenderer.h">
      <Filter>Header Files</Filter>
    </ClInclude>
    <ClInclude Include="Helper.h">
      <Filter>Header Files</Filter>
    </ClInclude>
    <ClInclude Include="resource.h">
      <Filter>Resource Files</Filter>
    </ClInclude>
    <ClInclude Include="PropPage.h">
      <Filter>Header Files</Filter>
    </ClInclude>
    <ClInclude Include="IVideoRenderer.h">
      <Filter>Header Files</Filter>
    </ClInclude>
    <ClInclude Include="DX9VideoProcessor.h">
      <Filter>Header Files</Filter>
    </ClInclude>
    <ClInclude Include="DX11VideoProcessor.h">
      <Filter>Header Files</Filter>
    </ClInclude>
    <ClInclude Include="FrameStats.h">
      <Filter>Header Files</Filter>
    </ClInclude>
    <ClInclude Include="Times.h">
      <Filter>Header Files</Filter>
    </ClInclude>
    <ClInclude Include="VideoRendererInputPin.h">
      <Filter>Header Files</Filter>
    </ClInclude>
    <ClInclude Include="CustomAllocator.h">
      <Filter>Header Files</Filter>
    </ClInclude>
    <ClInclude Include="csputils.h">
      <Filter>Header Files</Filter>
    </ClInclude>
    <ClInclude Include="renbase2.h">
      <Filter>Header Files</Filter>
    </ClInclude>
    <ClInclude Include="DX11Helper.h">
      <Filter>Header Files</Filter>
    </ClInclude>
    <ClInclude Include="Shaders.h">
      <Filter>Header Files</Filter>
    </ClInclude>
    <ClInclude Include="DX9Helper.h">
      <Filter>Header Files</Filter>
    </ClInclude>
    <ClInclude Include="DX9Device.h">
      <Filter>Header Files</Filter>
    </ClInclude>
    <ClInclude Include="D3D11VP.h">
      <Filter>Header Files</Filter>
    </ClInclude>
    <ClInclude Include="DXVA2VP.h">
      <Filter>Header Files</Filter>
    </ClInclude>
    <ClInclude Include="D3DUtil\D3D9Font.h">
      <Filter>D3DUtil</Filter>
    </ClInclude>
    <ClInclude Include="D3DUtil\D3D9Geometry.h">
      <Filter>D3DUtil</Filter>
    </ClInclude>
    <ClInclude Include="D3DUtil\FontBitmap.h">
      <Filter>D3DUtil</Filter>
    </ClInclude>
    <ClInclude Include="D3DUtil\D3D11Geometry.h">
      <Filter>D3DUtil</Filter>
    </ClInclude>
    <ClInclude Include="D3DUtil\D3DCommon.h">
      <Filter>D3DUtil</Filter>
    </ClInclude>
    <ClInclude Include="D3DUtil\D3D11Font.h">
      <Filter>D3DUtil</Filter>
    </ClInclude>
    <ClInclude Include="DisplayConfig.h">
      <Filter>Header Files</Filter>
    </ClInclude>
    <ClInclude Include="VideoProcessor.h">
      <Filter>Header Files</Filter>
    </ClInclude>
    <ClInclude Include="Utils\StringUtil.h">
      <Filter>Utils</Filter>
    </ClInclude>
    <ClInclude Include="Utils\Util.h">
      <Filter>Utils</Filter>
    </ClInclude>
    <ClInclude Include="Utils\CPUInfo.h">
      <Filter>Utils</Filter>
    </ClInclude>
    <ClInclude Include="MediaSampleSideData.h">
      <Filter>Header Files</Filter>
    </ClInclude>
    <ClInclude Include="Utils\gpu_memcpy_sse4.h">
      <Filter>Utils</Filter>
    </ClInclude>
    <ClInclude Include="D3D12VP.h">
      <Filter>Header Files\d3d12</Filter>
    </ClInclude>
    <ClInclude Include="DX12VideoProcessor.h">
      <Filter>Header Files\d3d12</Filter>
    </ClInclude>
    <ClInclude Include="d3d12util\math\Matrix3.h">
      <Filter>Header Files\d3d12\d3d12helper\math</Filter>
    </ClInclude>
    <ClInclude Include="d3d12util\math\Matrix4.h">
      <Filter>Header Files\d3d12\d3d12helper\math</Filter>
    </ClInclude>
    <ClInclude Include="d3d12util\math\Quaternion.h">
      <Filter>Header Files\d3d12\d3d12helper\math</Filter>
    </ClInclude>
    <ClInclude Include="d3d12util\math\Random.h">
      <Filter>Header Files\d3d12\d3d12helper\math</Filter>
    </ClInclude>
    <ClInclude Include="d3d12util\math\Scalar.h">
      <Filter>Header Files\d3d12\d3d12helper\math</Filter>
    </ClInclude>
    <ClInclude Include="d3d12util\math\Transform.h">
      <Filter>Header Files\d3d12\d3d12helper\math</Filter>
    </ClInclude>
    <ClInclude Include="d3d12util\math\Vector.h">
      <Filter>Header Files\d3d12\d3d12helper\math</Filter>
    </ClInclude>
    <ClInclude Include="d3d12util\math\Common.h">
      <Filter>Header Files\d3d12\d3d12helper\math</Filter>
    </ClInclude>
    <ClInclude Include="d3d12util\ColorBuffer.h">
      <Filter>Header Files\d3d12\d3d12helper\Buffers</Filter>
    </ClInclude>
    <ClInclude Include="d3d12util\CommandAllocatorPool.h">
      <Filter>Header Files\d3d12\d3d12helper\CommandPipeline</Filter>
    </ClInclude>
    <ClInclude Include="d3d12util\CommandContext.h">
      <Filter>Header Files\d3d12\d3d12helper\CommandPipeline</Filter>
    </ClInclude>
    <ClInclude Include="d3d12util\CommandListManager.h">
      <Filter>Header Files\d3d12\d3d12helper\CommandPipeline</Filter>
    </ClInclude>
    <ClInclude Include="d3d12util\CommandSignature.h">
      <Filter>Header Files\d3d12\d3d12helper\CommandPipeline</Filter>
    </ClInclude>
    <ClInclude Include="d3d12util\BufferManager.h">
      <Filter>Header Files\d3d12\d3d12helper\Buffers</Filter>
    </ClInclude>
    <ClInclude Include="d3d12util\DepthBuffer.h">
      <Filter>Header Files\d3d12\d3d12helper\Buffers</Filter>
    </ClInclude>
    <ClInclude Include="d3d12util\DynamicDescriptorHeap.h">
      <Filter>Header Files\d3d12\d3d12helper\CommandPipeline</Filter>
    </ClInclude>
    <ClInclude Include="d3d12util\DescriptorHeap.h">
      <Filter>Header Files\d3d12\d3d12helper\CommandPipeline</Filter>
    </ClInclude>
    <ClInclude Include="d3d12util\LinearAllocator.h">
      <Filter>Header Files\d3d12\d3d12helper\Buffers</Filter>
    </ClInclude>
    <ClInclude Include="d3d12util\PixelBuffer.h">
      <Filter>Header Files\d3d12\d3d12helper\Buffers</Filter>
    </ClInclude>
    <ClInclude Include="d3d12util\GpuBuffer.h">
      <Filter>Header Files\d3d12\d3d12helper\Buffers</Filter>
    </ClInclude>
    <ClInclude Include="d3d12util\UploadBuffer.h">
      <Filter>Header Files\d3d12\d3d12helper\Buffers</Filter>
    </ClInclude>
    <ClInclude Include="d3d12util\ReadbackBuffer.h">
      <Filter>Header Files\d3d12\d3d12helper\Buffers</Filter>
    </ClInclude>
    <ClInclude Include="d3d12util\ImageScaling.h">
      <Filter>Header Files\d3d12\d3d12helper\Rendering</Filter>
    </ClInclude>
    <ClInclude Include="d3d12util\GpuResource.h">
      <Filter>Header Files\d3d12\d3d12helper\Buffers</Filter>
    </ClInclude>
    <ClInclude Include="d3d12util\PipelineState.h">
      <Filter>Header Files\d3d12\d3d12helper\CommandPipeline</Filter>
    </ClInclude>
    <ClInclude Include="d3d12util\RootSignature.h">
      <Filter>Header Files\d3d12\d3d12helper\CommandPipeline</Filter>
    </ClInclude>
    <ClInclude Include="d3d12util\VectorMath.h">
      <Filter>Header Files\d3d12\d3d12helper\math</Filter>
    </ClInclude>
    <ClInclude Include="d3d12util\Texture.h">
      <Filter>Header Files\d3d12\d3d12helper\Buffers</Filter>
    </ClInclude>
    <ClInclude Include="d3d12util\GraphicsCommon.h">
      <Filter>Header Files\d3d12\d3d12helper\CommandPipeline</Filter>
    </ClInclude>
    <ClInclude Include="d3d12util\Utility.h">
      <Filter>Header Files\d3d12\d3d12helper\Utility</Filter>
    </ClInclude>
    <ClInclude Include="d3d12util\SystemTime.h">
      <Filter>Header Files\d3d12\d3d12helper\Utility</Filter>
    </ClInclude>
    <ClInclude Include="d3d12util\FileUtility.h">
      <Filter>Header Files\d3d12\d3d12helper\Utility</Filter>
    </ClInclude>
    <ClInclude Include="d3d12util\Color.h">
      <Filter>Header Files\d3d12\d3d12helper\Rendering</Filter>
    </ClInclude>
    <ClInclude Include="d3d12util\Hash.h">
      <Filter>Header Files\d3d12\d3d12helper\math</Filter>
    </ClInclude>
    <ClInclude Include="d3d12util\SamplerManager.h">
      <Filter>Header Files\d3d12\d3d12helper\CommandPipeline</Filter>
    </ClInclude>
    <ClInclude Include="d3d12util\GeometryRenderer.h">
      <Filter>Header Files\d3d12\d3d12helper\Rendering</Filter>
    </ClInclude>
    <ClInclude Include="d3d12util\TextRenderer.h">
      <Filter>Header Files\d3d12\d3d12helper\Rendering</Filter>
    </ClInclude>
    <ClInclude Include="d3d12util\EngineTuning.h">
      <Filter>Header Files\d3d12\d3d12helper\Rendering</Filter>
    </ClInclude>
    <ClInclude Include="DX12Engine.h">
      <Filter>Header Files\d3d12\d3d12helper\Rendering</Filter>
    </ClInclude>
    <ClInclude Include="DX12Capabilities.h">
      <Filter>Header Files\d3d12\d3d12helper\Rendering</Filter>
    </ClInclude>
    <ClInclude Include="d3d12util\d3dx12.h">
      <Filter>Header Files\d3d12\d3d12helper\Utility</Filter>
    </ClInclude>
    <ClInclude Include="d3d12util\Commond3d12.h">
      <Filter>Header Files\d3d12\d3d12helper\Utility</Filter>
    </ClInclude>
    <ClInclude Include="Utils\BaseTrayIcon.h">
      <Filter>Header Files</Filter>
    </ClInclude>
    <ClInclude Include="d3d12util\D3D12PropPage.h">
      <Filter>Header Files\d3d12\d3d12helper\Utility</Filter>
    </ClInclude>
  </ItemGroup>
  <ItemGroup>
    <ResourceCompile Include="MpcVideoRenderer.rc">
      <Filter>Resource Files</Filter>
    </ResourceCompile>
  </ItemGroup>
  <ItemGroup>
    <None Include="res\MpcVideoRenderer.rc2">
      <Filter>Resource Files</Filter>
    </None>
    <None Include="res\dither32x32float16.bin">
      <Filter>Resource Files</Filter>
    </None>
    <None Include="d3d12util\math\Functions.inl">
      <Filter>Header Files\d3d12\d3d12helper\math</Filter>
    </None>
    <None Include="..\Shaders\d3d12\ColorSpaceUtility.hlsli">
      <Filter>Header Files\d3d12\d3d12helper\shaders\Includes</Filter>
    </None>
    <None Include="..\Shaders\d3d12\CommonRS.hlsli">
      <Filter>Header Files\d3d12\d3d12helper\shaders\Includes</Filter>
    </None>
    <None Include="..\Shaders\d3d12\GenerateMipsCS.hlsli">
      <Filter>Header Files\d3d12\d3d12helper\shaders\Includes</Filter>
    </None>
    <None Include="..\Shaders\d3d12\PresentRS.hlsli">
      <Filter>Header Files\d3d12\d3d12helper\shaders\Includes</Filter>
    </None>
    <None Include="..\Shaders\d3d12\ShaderUtility.hlsli">
      <Filter>Header Files\d3d12\d3d12helper\shaders\Includes</Filter>
    </None>
    <None Include="..\Shaders\d3d12\TextRS.hlsli">
      <Filter>Header Files\d3d12\d3d12helper\shaders\Includes</Filter>
    </None>
    <None Include="..\Shaders\d3d12\SSAORS.hlsli">
      <Filter>Header Files\d3d12\d3d12helper\shaders\Includes</Filter>
    </None>
    <None Include="..\Shaders\d3d12\ToneMappingUtility.hlsli">
      <Filter>Header Files\d3d12\d3d12helper\shaders\Includes</Filter>
    </None>
    <None Include="..\Shaders\d3d12\PixelPacking.hlsli">
      <Filter>Header Files\d3d12\d3d12helper\shaders\Includes</Filter>
    </None>
    <None Include="..\Shaders\d3d12\PixelPacking_Velocity.hlsli">
      <Filter>Header Files\d3d12\d3d12helper\shaders\Includes</Filter>
    </None>
    <None Include="..\Shaders\d3d12\PixelPacking_R11G11B10.hlsli">
      <Filter>Header Files\d3d12\d3d12helper\shaders\Includes</Filter>
    </None>
    <None Include="..\Shaders\d3d12\PixelPacking_RGBE.hlsli">
      <Filter>Header Files\d3d12\d3d12helper\shaders\Includes</Filter>
    </None>
    <None Include="..\Shaders\d3d12\PixelPacking_RGBM.hlsli">
      <Filter>Header Files\d3d12\d3d12helper\shaders\Includes</Filter>
    </None>
    <None Include="..\Shaders\d3d12\super-xbr-params.inc">
      <Filter>Header Files\d3d12\d3d12helper\shaders\Includes</Filter>
    </None>
  </ItemGroup>
  <ItemGroup>
    <FxCompile Include="..\Shaders\d3d12\ScaleAndCompositeHDRPS.hlsl">
      <Filter>Header Files\d3d12\d3d12helper\shaders</Filter>
    </FxCompile>
    <FxCompile Include="..\Shaders\d3d12\ScaleAndCompositeSDRPS.hlsl">
      <Filter>Header Files\d3d12\d3d12helper\shaders</Filter>
    </FxCompile>
    <FxCompile Include="..\Shaders\d3d12\ScreenQuadCommonVS.hlsl">
      <Filter>Header Files\d3d12\d3d12helper\shaders</Filter>
    </FxCompile>
    <FxCompile Include="..\Shaders\d3d12\TextAntialiasPS.hlsl">
      <Filter>Header Files\d3d12\d3d12helper\shaders</Filter>
    </FxCompile>
    <FxCompile Include="..\Shaders\d3d12\TextShadowPS.hlsl">
      <Filter>Header Files\d3d12\d3d12helper\shaders</Filter>
    </FxCompile>
    <FxCompile Include="..\Shaders\d3d12\BlendUIHDRPS.hlsl">
      <Filter>Header Files\d3d12\d3d12helper\shaders</Filter>
    </FxCompile>
    <FxCompile Include="..\Shaders\d3d12\CompositeHDRPS.hlsl">
      <Filter>Header Files\d3d12\d3d12helper\shaders</Filter>
    </FxCompile>
    <FxCompile Include="..\Shaders\d3d12\CompositeSDRPS.hlsl">
      <Filter>Header Files\d3d12\d3d12helper\shaders</Filter>
    </FxCompile>
    <FxCompile Include="..\Shaders\d3d12\VideoQuadPresentVS.hlsl">
      <Filter>Header Files\d3d12\d3d12helper\shaders</Filter>
    </FxCompile>
    <FxCompile Include="..\Shaders\d3d12\ColorConvertNV12PS.hlsl">
      <Filter>Header Files\d3d12\d3d12helper\shaders</Filter>
    </FxCompile>
    <FxCompile Include="..\Shaders\d3d12\PresentHDRPS.hlsl">
      <Filter>Header Files\d3d12\d3d12helper\shaders</Filter>
    </FxCompile>
    <FxCompile Include="..\Shaders\d3d12\ScreenQuadPresentVS.hlsl">
      <Filter>Header Files\d3d12\d3d12helper\shaders</Filter>
    </FxCompile>
    <FxCompile Include="..\Shaders\d3d12\TextVS.hlsl">
      <Filter>Header Files\d3d12\d3d12helper\shaders</Filter>
    </FxCompile>
    <FxCompile Include="..\Shaders\d3d12\SharpeningUpsamplePS.hlsl">
      <Filter>Header Files\d3d12\d3d12helper\shaders</Filter>
    </FxCompile>
    <FxCompile Include="..\Shaders\d3d12\PresentSDRPS.hlsl">
      <Filter>Header Files\d3d12\d3d12helper\shaders</Filter>
    </FxCompile>
    <FxCompile Include="..\Shaders\d3d12\BufferCopyPS.hlsl">
      <Filter>Header Files\d3d12\d3d12helper\shaders</Filter>
    </FxCompile>
    <FxCompile Include="..\Shaders\d3d12\GenerateMipsLinearCS.hlsl">
      <Filter>Header Files\d3d12\d3d12helper\shaders</Filter>
    </FxCompile>
    <FxCompile Include="..\Shaders\d3d12\GeometryPS.hlsl">
      <Filter>Header Files\d3d12\d3d12helper\shaders</Filter>
    </FxCompile>
    <FxCompile Include="..\Shaders\d3d12\GeometryVS.hlsl">
      <Filter>Header Files\d3d12\d3d12helper\shaders</Filter>
    </FxCompile>
    <FxCompile Include="..\Shaders\d3d11\ps_font.hlsl">
      <Filter>Header Files\d3d12\d3d12helper\shaders</Filter>
    </FxCompile>
    <FxCompile Include="..\Shaders\d3d11\vs_simple.hlsl">
      <Filter>Header Files\d3d12\d3d12helper\shaders</Filter>
    </FxCompile>
    <FxCompile Include="..\Shaders\d3d12\UpScalingFilters.hlsl">
      <Filter>Header Files\d3d12\d3d12helper\shaders\Scaling</Filter>
    </FxCompile>
    <FxCompile Include="..\Shaders\d3d12\DownScalingFilters.hlsl">
      <Filter>Header Files\d3d12\d3d12helper\shaders\Scaling</Filter>
    </FxCompile>
    <FxCompile Include="..\Shaders\d3d11\ps_simple.hlsl">
      <Filter>Header Files\d3d12\d3d12helper\shaders</Filter>
    </FxCompile>
    <FxCompile Include="..\Shaders\d3d12\superxbr.hlsl">
      <Filter>Header Files\d3d12\d3d12helper\shaders\Scaling</Filter>
    </FxCompile>
    <FxCompile Include="..\Shaders\d3d12\Info\superxbr3.hlsl">
      <Filter>Header Files\d3d12\d3d12helper\shaders\Scaling</Filter>
    </FxCompile>
  </ItemGroup>
  <ItemGroup>
    <Image Include="..\favicon.ico">
      <Filter>Resource Files</Filter>
    </Image>
  </ItemGroup>
  <ItemGroup>
    <Text Include="..\Shaders\d3d12\Info\superxbr fast shader.txt">
      <Filter>Header Files\d3d12\d3d12helper\shaders\Scaling</Filter>
    </Text>
  </ItemGroup>
</Project>