<?xml version="1.0" encoding="utf-8"?>
<Project ToolsVersion="14.0" xmlns="http://schemas.microsoft.com/developer/msbuild/2003">
  <ItemGroup>
    <Filter Include="Source Files">
      <UniqueIdentifier>{9788c006-0809-4532-aa20-b51ed992525a}</UniqueIdentifier>
      <Extensions>cpp;c;cxx;def;odl;idl;hpj;bat;asm</Extensions>
    </Filter>
    <Filter Include="Header Files">
      <UniqueIdentifier>{4d561854-929b-492e-9fba-c2cebb7cc3d4}</UniqueIdentifier>
      <Extensions>h;hpp;hxx;hm;inl;inc</Extensions>
    </Filter>
    <Filter Include="Resource Files">
      <UniqueIdentifier>{addff0d6-0d94-4e4c-b5ea-b7d5b330fd45}</UniqueIdentifier>
      <Extensions>rc;ico;cur;bmp;dlg;rc2;rct;bin;rgs;gif;jpg;jpeg;jpe</Extensions>
    </Filter>
    <Filter Include="D3DUtil">
      <UniqueIdentifier>{0aaf154f-df6e-43da-b8e2-ef67cfea1a2e}</UniqueIdentifier>
    </Filter>
    <Filter Include="Utils">
      <UniqueIdentifier>{ba2bad6e-f01e-4ea9-9209-8005fcd5bc5e}</UniqueIdentifier>
    </Filter>
    <Filter Include="Tests">
      <UniqueIdentifier>{b22d641d-b81b-4c7f-8691-7f87a305665f}</UniqueIdentifier>
    </Filter>
    <Filter Include="Tests\libswscale">
      <UniqueIdentifier>{980f6d8a-d627-4412-9752-5bc7d9d1f56f}</UniqueIdentifier>
    </Filter>
    <Filter Include="Tests\libswscale\libavutil">
      <UniqueIdentifier>{cc8a3f73-b298-40ac-9ed1-8b89116c7ecb}</UniqueIdentifier>
    </Filter>
    <Filter Include="Tests\zimg">
      <UniqueIdentifier>{54f33d67-97a9-4520-be28-1550c7d998a3}</UniqueIdentifier>
    </Filter>
  </ItemGroup>
  <ItemGroup>
    <ClCompile Include="stdafx.cpp">
      <Filter>Source Files</Filter>
    </ClCompile>
    <ClCompile Include="dllmain.cpp">
      <Filter>Source Files</Filter>
    </ClCompile>
    <ClCompile Include="VideoRenderer.cpp">
      <Filter>Source Files</Filter>
    </ClCompile>
    <ClCompile Include="Helper.cpp">
      <Filter>Source Files</Filter>
    </ClCompile>
    <ClCompile Include="PropPage.cpp">
      <Filter>Source Files</Filter>
    </ClCompile>
    <ClCompile Include="DX9VideoProcessor.cpp">
      <Filter>Source Files</Filter>
    </ClCompile>
    <ClCompile Include="DX11VideoProcessor.cpp">
      <Filter>Source Files</Filter>
    </ClCompile>
    <ClCompile Include="Times.cpp">
      <Filter>Source Files</Filter>
    </ClCompile>
    <ClCompile Include="VideoRendererInputPin.cpp">
      <Filter>Source Files</Filter>
    </ClCompile>
    <ClCompile Include="CustomAllocator.cpp">
      <Filter>Source Files</Filter>
    </ClCompile>
    <ClCompile Include="csputils.cpp">
      <Filter>Source Files</Filter>
    </ClCompile>
    <ClCompile Include="renbase2.cpp">
      <Filter>Source Files</Filter>
    </ClCompile>
    <ClCompile Include="Shaders.cpp">
      <Filter>Source Files</Filter>
    </ClCompile>
    <ClCompile Include="DX9Device.cpp">
      <Filter>Source Files</Filter>
    </ClCompile>
    <ClCompile Include="DX9Helper.cpp">
      <Filter>Source Files</Filter>
    </ClCompile>
    <ClCompile Include="DX11Helper.cpp">
      <Filter>Source Files</Filter>
    </ClCompile>
    <ClCompile Include="D3D11VP.cpp">
      <Filter>Source Files</Filter>
    </ClCompile>
    <ClCompile Include="DXVA2VP.cpp">
      <Filter>Source Files</Filter>
    </ClCompile>
    <ClCompile Include="D3DUtil\D3D9Font.cpp">
      <Filter>D3DUtil</Filter>
    </ClCompile>
    <ClCompile Include="D3DUtil\D3D11Geometry.cpp">
      <Filter>D3DUtil</Filter>
    </ClCompile>
    <ClCompile Include="D3DUtil\D3D11Font.cpp">
      <Filter>D3DUtil</Filter>
    </ClCompile>
    <ClCompile Include="DisplayConfig.cpp">
      <Filter>Source Files</Filter>
    </ClCompile>
    <ClCompile Include="D3DUtil\D3D9Geometry.cpp">
      <Filter>D3DUtil</Filter>
    </ClCompile>
    <ClCompile Include="VideoProcessor.cpp">
      <Filter>Source Files</Filter>
    </ClCompile>
    <ClCompile Include="Utils\StringUtil.cpp">
      <Filter>Utils</Filter>
    </ClCompile>
    <ClCompile Include="Utils\Util.cpp">
      <Filter>Utils</Filter>
    </ClCompile>
    <ClCompile Include="Utils\CPUInfo.cpp">
      <Filter>Utils</Filter>
    </ClCompile>
    <ClCompile Include="MediaSampleSideData.cpp">
      <Filter>Source Files</Filter>
    </ClCompile>
    <ClCompile Include="Tests\SwscaleProc.cpp">
      <Filter>Tests</Filter>
    </ClCompile>
    <ClCompile Include="Tests\ZimgProc.cpp">
      <Filter>Tests</Filter>
    </ClCompile>
  </ItemGroup>
  <ItemGroup>
    <ClInclude Include="stdafx.h">
      <Filter>Header Files</Filter>
    </ClInclude>
    <ClInclude Include="VideoRenderer.h">
      <Filter>Header Files</Filter>
    </ClInclude>
    <ClInclude Include="Helper.h">
      <Filter>Header Files</Filter>
    </ClInclude>
    <ClInclude Include="resource.h">
      <Filter>Resource Files</Filter>
    </ClInclude>
    <ClInclude Include="PropPage.h">
      <Filter>Header Files</Filter>
    </ClInclude>
    <ClInclude Include="IVideoRenderer.h">
      <Filter>Header Files</Filter>
    </ClInclude>
    <ClInclude Include="DX9VideoProcessor.h">
      <Filter>Header Files</Filter>
    </ClInclude>
    <ClInclude Include="DX11VideoProcessor.h">
      <Filter>Header Files</Filter>
    </ClInclude>
    <ClInclude Include="FrameStats.h">
      <Filter>Header Files</Filter>
    </ClInclude>
    <ClInclude Include="Times.h">
      <Filter>Header Files</Filter>
    </ClInclude>
    <ClInclude Include="VideoRendererInputPin.h">
      <Filter>Header Files</Filter>
    </ClInclude>
    <ClInclude Include="CustomAllocator.h">
      <Filter>Header Files</Filter>
    </ClInclude>
    <ClInclude Include="csputils.h">
      <Filter>Header Files</Filter>
    </ClInclude>
    <ClInclude Include="renbase2.h">
      <Filter>Header Files</Filter>
    </ClInclude>
    <ClInclude Include="DX11Helper.h">
      <Filter>Header Files</Filter>
    </ClInclude>
    <ClInclude Include="Shaders.h">
      <Filter>Header Files</Filter>
    </ClInclude>
    <ClInclude Include="DX9Helper.h">
      <Filter>Header Files</Filter>
    </ClInclude>
    <ClInclude Include="DX9Device.h">
      <Filter>Header Files</Filter>
    </ClInclude>
    <ClInclude Include="D3D11VP.h">
      <Filter>Header Files</Filter>
    </ClInclude>
    <ClInclude Include="DXVA2VP.h">
      <Filter>Header Files</Filter>
    </ClInclude>
    <ClInclude Include="D3DUtil\D3D9Font.h">
      <Filter>D3DUtil</Filter>
    </ClInclude>
    <ClInclude Include="D3DUtil\D3D9Geometry.h">
      <Filter>D3DUtil</Filter>
    </ClInclude>
    <ClInclude Include="D3DUtil\FontBitmap.h">
      <Filter>D3DUtil</Filter>
    </ClInclude>
    <ClInclude Include="D3DUtil\D3D11Geometry.h">
      <Filter>D3DUtil</Filter>
    </ClInclude>
    <ClInclude Include="D3DUtil\D3DCommon.h">
      <Filter>D3DUtil</Filter>
    </ClInclude>
    <ClInclude Include="D3DUtil\D3D11Font.h">
      <Filter>D3DUtil</Filter>
    </ClInclude>
    <ClInclude Include="DisplayConfig.h">
      <Filter>Header Files</Filter>
    </ClInclude>
    <ClInclude Include="VideoProcessor.h">
      <Filter>Header Files</Filter>
    </ClInclude>
    <ClInclude Include="Utils\StringUtil.h">
      <Filter>Utils</Filter>
    </ClInclude>
    <ClInclude Include="Utils\Util.h">
      <Filter>Utils</Filter>
    </ClInclude>
    <ClInclude Include="Utils\CPUInfo.h">
      <Filter>Utils</Filter>
    </ClInclude>
    <ClInclude Include="MediaSampleSideData.h">
      <Filter>Header Files</Filter>
    </ClInclude>
    <ClInclude Include="Tests\SwscaleProc.h">
      <Filter>Tests</Filter>
    </ClInclude>
    <ClInclude Include="Tests\libswscale\swscale.h">
      <Filter>Tests\libswscale</Filter>
    </ClInclude>
    <ClInclude Include="Tests\libswscale\version.h">
      <Filter>Tests\libswscale</Filter>
    </ClInclude>
    <ClInclude Include="Tests\libswscale\libavutil\attributes.h">
      <Filter>Tests\libswscale\libavutil</Filter>
    </ClInclude>
    <ClInclude Include="Tests\libswscale\libavutil\avconfig.h">
      <Filter>Tests\libswscale\libavutil</Filter>
    </ClInclude>
    <ClInclude Include="Tests\libswscale\libavutil\avutil.h">
      <Filter>Tests\libswscale\libavutil</Filter>
    </ClInclude>
    <ClInclude Include="Tests\libswscale\libavutil\common.h">
      <Filter>Tests\libswscale\libavutil</Filter>
    </ClInclude>
    <ClInclude Include="Tests\libswscale\libavutil\error.h">
      <Filter>Tests\libswscale\libavutil</Filter>
    </ClInclude>
    <ClInclude Include="Tests\libswscale\libavutil\intfloat.h">
      <Filter>Tests\libswscale\libavutil</Filter>
    </ClInclude>
    <ClInclude Include="Tests\libswscale\libavutil\log.h">
      <Filter>Tests\libswscale\libavutil</Filter>
    </ClInclude>
    <ClInclude Include="Tests\libswscale\libavutil\macros.h">
      <Filter>Tests\libswscale\libavutil</Filter>
    </ClInclude>
    <ClInclude Include="Tests\libswscale\libavutil\mathematics.h">
      <Filter>Tests\libswscale\libavutil</Filter>
    </ClInclude>
    <ClInclude Include="Tests\libswscale\libavutil\mem.h">
      <Filter>Tests\libswscale\libavutil</Filter>
    </ClInclude>
    <ClInclude Include="Tests\libswscale\libavutil\pixfmt.h">
      <Filter>Tests\libswscale\libavutil</Filter>
    </ClInclude>
    <ClInclude Include="Tests\libswscale\libavutil\rational.h">
      <Filter>Tests\libswscale\libavutil</Filter>
    </ClInclude>
    <ClInclude Include="Tests\libswscale\libavutil\version.h">
      <Filter>Tests\libswscale\libavutil</Filter>
    </ClInclude>
    <ClInclude Include="Tests\test.h">
      <Filter>Tests</Filter>
    </ClInclude>
    <ClInclude Include="Tests\zimg\zimg.h">
      <Filter>Tests\zimg</Filter>
    </ClInclude>
    <ClInclude Include="Tests\ZimgProc.h">
      <Filter>Tests</Filter>
    </ClInclude>
  </ItemGroup>
  <ItemGroup>
    <ResourceCompile Include="MpcVideoRenderer.rc">
      <Filter>Resource Files</Filter>
    </ResourceCompile>
  </ItemGroup>
  <ItemGroup>
    <None Include="res\MpcVideoRenderer.rc2">
      <Filter>Resource Files</Filter>
    </None>
    <None Include="res\dither32x32float16.bin">
      <Filter>Resource Files</Filter>
    </None>
  </ItemGroup>
</Project>